{
  "name": "dummy-frontend",
  "version": "1.0.0",
  "description": "A simple dummy project for GitHub Actions workflow testing",
  "main": "index.js",
  "scripts": {
    "test": "echo \"No tests\"",
    "build": "echo \"Building dummy project...\" && mkdir -p dist && echo \"<html><body>Dummy Build</body></html>\" > dist/index.html",
    "start": "node index.js"
  },
  "author": "Test",
  "license": "MIT",
  "dependencies": {
    "lodash": "^4.17.21"
  },
  "devDependencies": {
    "vite": "^5.0.0"
  }
}
